# THIS IS AN AUTOGENERATED FILE. DO NOT EDIT THIS FILE DIRECTLY.
# yarn lockfile v1


npm-dependencies-lettuce@^2.0.0:
  version "2.0.0"
  resolved "https://registry.yarnpkg.com/npm-dependencies-lettuce/-/npm-dependencies-lettuce-2.0.0.tgz#2b255911a60c3f076ad0b18bd76d532e7889988d"
  integrity sha512-6Rx6l4nNn6a5HNQffY7SlN9TvJs2YZLjDWanp0/IKq1V3Y948Rqu0ZUJ97yy2R8kMpqzKfYw4xYKZkT41Feozw==
