# THIS IS AN AUTOGENERATED FILE. DO NOT EDIT THIS FILE DIRECTLY.
# yarn lockfile v1


npm-dependencies-lettuce@^1.0.0:
  version "1.0.0"
  resolved "https://registry.yarnpkg.com/npm-dependencies-lettuce/-/npm-dependencies-lettuce-1.0.0.tgz#2bfc94ae9ea5e8eb9b2f2afe024689d5f5ed24ae"
  integrity sha512-10RVu4NXW+sNB6AdXksKdlXyW7UYN9uwK9YVsuQDvdXqk/pzOaE7OUADKhXp3DLI5fOMNxrwhI4LAE1Wb7dbsw==
